
Microsoft Visual Studio Solution File, Format Version 12.00
# Visual Studio Version 17
VisualStudioVersion = 17.9.34622.214
MinimumVisualStudioVersion = 10.0.40219.1
Project("{9A19103F-16F7-4668-BE54-9A1E7A4F7556}") = "LearnLab", "LearnLab\LearnLab.csproj", "{280103D9-BDCC-4E76-AEEB-6193AC6BDA26}"
EndProject
Project("{FAE04EC0-301F-11D3-BF4B-00C04F79EFBC}") = "LearnLab.NumberOperations", "NumberOperations\LearnLab.NumberOperations.csproj", "{7159472A-A99A-489B-B587-7FD0A694E877}"
EndProject
Project("{FAE04EC0-301F-11D3-BF4B-00C04F79EFBC}") = "LearnLab.UnitTests", "LearnLab.UnitTests\LearnLab.UnitTests.csproj", "{31A22DE9-A44B-414A-A8C4-C4DE67C63D8A}"
EndProject
Global
	GlobalSection(SolutionConfigurationPlatforms) = preSolution
		Debug|Any CPU = Debug|Any CPU
		Release|Any CPU = Release|Any CPU
	EndGlobalSection
	GlobalSection(ProjectConfigurationPlatforms) = postSolution
		{280103D9-BDCC-4E76-AEEB-6193AC6BDA26}.Debug|Any CPU.ActiveCfg = Debug|Any CPU
		{280103D9-BDCC-4E76-AEEB-6193AC6BDA26}.Debug|Any CPU.Build.0 = Debug|Any CPU
		{280103D9-BDCC-4E76-AEEB-6193AC6BDA26}.Release|Any CPU.ActiveCfg = Release|Any CPU
		{280103D9-BDCC-4E76-AEEB-6193AC6BDA26}.Release|Any CPU.Build.0 = Release|Any CPU
		{7159472A-A99A-489B-B587-7FD0A694E877}.Debug|Any CPU.ActiveCfg = Debug|Any CPU
		{7159472A-A99A-489B-B587-7FD0A694E877}.Debug|Any CPU.Build.0 = Debug|Any CPU
		{7159472A-A99A-489B-B587-7FD0A694E877}.Release|Any CPU.ActiveCfg = Release|Any CPU
		{7159472A-A99A-489B-B587-7FD0A694E877}.Release|Any CPU.Build.0 = Release|Any CPU
		{31A22DE9-A44B-414A-A8C4-C4DE67C63D8A}.Debug|Any CPU.ActiveCfg = Debug|Any CPU
		{31A22DE9-A44B-414A-A8C4-C4DE67C63D8A}.Debug|Any CPU.Build.0 = Debug|Any CPU
		{31A22DE9-A44B-414A-A8C4-C4DE67C63D8A}.Release|Any CPU.ActiveCfg = Release|Any CPU
		{31A22DE9-A44B-414A-A8C4-C4DE67C63D8A}.Release|Any CPU.Build.0 = Release|Any CPU
	EndGlobalSection
	GlobalSection(SolutionProperties) = preSolution
		HideSolutionNode = FALSE
	EndGlobalSection
	GlobalSection(ExtensibilityGlobals) = postSolution
		SolutionGuid = {2401DC52-4743-48C2-A4AE-359D302F58CD}
	EndGlobalSection
EndGlobal
